
Microsoft Visual Studio Solution File, Format Version 12.00
# Visual Studio 15
VisualStudioVersion = 15.0.27428.2005
MinimumVisualStudioVersion = 10.0.40219.1
Project("{FAE04EC0-301F-11D3-BF4B-00C04F79EFBC}") = "FirstHTMLPage", "FirstHTMLPage\FirstHTMLPage.csproj", "{5376AAD8-8AD1-42F9-BECF-258F62EE2B0E}"
EndProject
Global
	GlobalSection(SolutionConfigurationPlatforms) = preSolution
		Debug|Any CPU = Debug|Any CPU
		Release|Any CPU = Release|Any CPU
	EndGlobalSection
	GlobalSection(ProjectConfigurationPlatforms) = postSolution
		{5376AAD8-8AD1-42F9-BECF-258F62EE2B0E}.Debug|Any CPU.ActiveCfg = Debug|Any CPU
		{5376AAD8-8AD1-42F9-BECF-258F62EE2B0E}.Debug|Any CPU.Build.0 = Debug|Any CPU
		{5376AAD8-8AD1-42F9-BECF-258F62EE2B0E}.Release|Any CPU.ActiveCfg = Release|Any CPU
		{5376AAD8-8AD1-42F9-BECF-258F62EE2B0E}.Release|Any CPU.Build.0 = Release|Any CPU
	EndGlobalSection
	GlobalSection(SolutionProperties) = preSolution
		HideSolutionNode = FALSE
	EndGlobalSection
	GlobalSection(ExtensibilityGlobals) = postSolution
		SolutionGuid = {37553136-A682-48F2-95A9-19CD7ADF7EFA}
	EndGlobalSection
EndGlobal
